
Microsoft Visual Studio Solution File, Format Version 12.00
# Visual Studio 15
VisualStudioVersion = 15.0.27130.2027
MinimumVisualStudioVersion = 10.0.40219.1
Project("{FAE04EC0-301F-11D3-BF4B-00C04F79EFBC}") = "GestorEA", "GestorEA\GestorEA.csproj", "{D6927E1B-7646-40DD-82FD-185F7095F719}"
EndProject
Project("{FAE04EC0-301F-11D3-BF4B-00C04F79EFBC}") = "Gestor.DAO", "Gestor.DAO\Gestor.DAO.csproj", "{5FAABA3F-0059-4CA8-95FF-9F520C8281BC}"
EndProject
Project("{FAE04EC0-301F-11D3-BF4B-00C04F79EFBC}") = "Gestor.DTO", "Gestor.DTO\Gestor.DTO.csproj", "{57558F38-4C0D-4237-8543-EEE1873C6A98}"
EndProject
Global
	GlobalSection(SolutionConfigurationPlatforms) = preSolution
		Debug|Any CPU = Debug|Any CPU
		Release|Any CPU = Release|Any CPU
	EndGlobalSection
	GlobalSection(ProjectConfigurationPlatforms) = postSolution
		{D6927E1B-7646-40DD-82FD-185F7095F719}.Debug|Any CPU.ActiveCfg = Debug|Any CPU
		{D6927E1B-7646-40DD-82FD-185F7095F719}.Debug|Any CPU.Build.0 = Debug|Any CPU
		{D6927E1B-7646-40DD-82FD-185F7095F719}.Release|Any CPU.ActiveCfg = Release|Any CPU
		{D6927E1B-7646-40DD-82FD-185F7095F719}.Release|Any CPU.Build.0 = Release|Any CPU
		{5FAABA3F-0059-4CA8-95FF-9F520C8281BC}.Debug|Any CPU.ActiveCfg = Debug|Any CPU
		{5FAABA3F-0059-4CA8-95FF-9F520C8281BC}.Debug|Any CPU.Build.0 = Debug|Any CPU
		{5FAABA3F-0059-4CA8-95FF-9F520C8281BC}.Release|Any CPU.ActiveCfg = Release|Any CPU
		{5FAABA3F-0059-4CA8-95FF-9F520C8281BC}.Release|Any CPU.Build.0 = Release|Any CPU
		{57558F38-4C0D-4237-8543-EEE1873C6A98}.Debug|Any CPU.ActiveCfg = Debug|Any CPU
		{57558F38-4C0D-4237-8543-EEE1873C6A98}.Debug|Any CPU.Build.0 = Debug|Any CPU
		{57558F38-4C0D-4237-8543-EEE1873C6A98}.Release|Any CPU.ActiveCfg = Release|Any CPU
		{57558F38-4C0D-4237-8543-EEE1873C6A98}.Release|Any CPU.Build.0 = Release|Any CPU
	EndGlobalSection
	GlobalSection(SolutionProperties) = preSolution
		HideSolutionNode = FALSE
	EndGlobalSection
	GlobalSection(ExtensibilityGlobals) = postSolution
		SolutionGuid = {9DBF44D5-274A-4954-835F-DA68F046DB30}
	EndGlobalSection
EndGlobal
